// !$*UTF8*$!
{
	archiveVersion = 1;
	classes = {
	};
	objectVersion = 48;
	objects = {

/* Begin PBXBuildFile section */
		308F30C21F7FA8A00084A333 /* AnimationKit.swift in Sources */ = {isa = PBXBuildFile; fileRef = 308F30C11F7FA89F0084A333 /* AnimationKit.swift */; };
		30C3910F1F7F607900FC35A5 /* AppDelegate.swift in Sources */ = {isa = PBXBuildFile; fileRef = 30C3910E1F7F607900FC35A5 /* AppDelegate.swift */; };
		30C391111F7F607900FC35A5 /* AnimationViewController.swift in Sources */ = {isa = PBXBuildFile; fileRef = 30C391101F7F607900FC35A5 /* AnimationViewController.swift */; };
		30C391141F7F607900FC35A5 /* Main.storyboard in Resources */ = {isa = PBXBuildFile; fileRef = 30C391121F7F607900FC35A5 /* Main.storyboard */; };
		30C391161F7F607900FC35A5 /* Assets.xcassets in Resources */ = {isa = PBXBuildFile; fileRef = 30C391151F7F607900FC35A5 /* Assets.xcassets */; };
		30C391191F7F607900FC35A5 /* LaunchScreen.storyboard in Resources */ = {isa = PBXBuildFile; fileRef = 30C391171F7F607900FC35A5 /* LaunchScreen.storyboard */; };
/* End PBXBuildFile section */

/* Begin PBXFileReference section */
		308F30C11F7FA89F0084A333 /* AnimationKit.swift */ = {isa = PBXFileReference; lastKnownFileType = sourcecode.swift; path = AnimationKit.swift; sourceTree = "<group>"; };
		308F30C31F7FAD040084A333 /* README.md */ = {isa = PBXFileReference; lastKnownFileType = net.daringfireball.markdown; path = README.md; sourceTree = "<group>"; };
		308F30C41F7FADAD0084A333 /* animationkit.png */ = {isa = PBXFileReference; lastKnownFileType = image.png; path = animationkit.png; sourceTree = "<group>"; };
		30C3910B1F7F607900FC35A5 /* AnimationKit.app */ = {isa = PBXFileReference; explicitFileType = wrapper.application; includeInIndex = 0; path = AnimationKit.app; sourceTree = BUILT_PRODUCTS_DIR; };
		30C3910E1F7F607900FC35A5 /* AppDelegate.swift */ = {isa = PBXFileReference; lastKnownFileType = sourcecode.swift; path = AppDelegate.swift; sourceTree = "<group>"; };
		30C391101F7F607900FC35A5 /* AnimationViewController.swift */ = {isa = PBXFileReference; lastKnownFileType = sourcecode.swift; path = AnimationViewController.swift; sourceTree = "<group>"; };
		30C391131F7F607900FC35A5 /* Base */ = {isa = PBXFileReference; lastKnownFileType = file.storyboard; name = Base; path = Base.lproj/Main.storyboard; sourceTree = "<group>"; };
		30C391151F7F607900FC35A5 /* Assets.xcassets */ = {isa = PBXFileReference; lastKnownFileType = folder.assetcatalog; path = Assets.xcassets; sourceTree = "<group>"; };
		30C391181F7F607900FC35A5 /* Base */ = {isa = PBXFileReference; lastKnownFileType = file.storyboard; name = Base; path = Base.lproj/LaunchScreen.storyboard; sourceTree = "<group>"; };
		30C3911A1F7F607900FC35A5 /* Info.plist */ = {isa = PBXFileReference; lastKnownFileType = text.plist.xml; path = Info.plist; sourceTree = "<group>"; };
/* End PBXFileReference section */

/* Begin PBXFrameworksBuildPhase section */
		30C391081F7F607900FC35A5 /* Frameworks */ = {
			isa = PBXFrameworksBuildPhase;
			buildActionMask = 2147483647;
			files = (
			);
			runOnlyForDeploymentPostprocessing = 0;
		};
/* End PBXFrameworksBuildPhase section */

/* Begin PBXGroup section */
		30C391021F7F607900FC35A5 = {
			isa = PBXGroup;
			children = (
				30C3910D1F7F607900FC35A5 /* AnimationKit */,
				30C3910C1F7F607900FC35A5 /* Products */,
			);
			sourceTree = "<group>";
		};
		30C3910C1F7F607900FC35A5 /* Products */ = {
			isa = PBXGroup;
			children = (
				30C3910B1F7F607900FC35A5 /* AnimationKit.app */,
			);
			name = Products;
			sourceTree = "<group>";
		};
		30C3910D1F7F607900FC35A5 /* AnimationKit */ = {
			isa = PBXGroup;
			children = (
				30C3910E1F7F607900FC35A5 /* AppDelegate.swift */,
				30C391101F7F607900FC35A5 /* AnimationViewController.swift */,
				308F30C11F7FA89F0084A333 /* AnimationKit.swift */,
				30C391121F7F607900FC35A5 /* Main.storyboard */,
				30C391151F7F607900FC35A5 /* Assets.xcassets */,
				30C391171F7F607900FC35A5 /* LaunchScreen.storyboard */,
				30C3911A1F7F607900FC35A5 /* Info.plist */,
				308F30C41F7FADAD0084A333 /* animationkit.png */,
				308F30C31F7FAD040084A333 /* README.md */,
			);
			path = AnimationKit;
			sourceTree = "<group>";
		};
/* End PBXGroup section */

/* Begin PBXNativeTarget section */
		30C3910A1F7F607900FC35A5 /* AnimationKit */ = {
			isa = PBXNativeTarget;
			buildConfigurationList = 30C3911D1F7F607900FC35A5 /* Build configuration list for PBXNativeTarget "AnimationKit" */;
			buildPhases = (
				30C391071F7F607900FC35A5 /* Sources */,
				30C391081F7F607900FC35A5 /* Frameworks */,
				30C391091F7F607900FC35A5 /* Resources */,
			);
			buildRules = (
			);
			dependencies = (
			);
			name = AnimationKit;
			productName = AnimationKit;
			productReference = 30C3910B1F7F607900FC35A5 /* AnimationKit.app */;
			productType = "com.apple.product-type.application";
		};
/* End PBXNativeTarget section */

/* Begin PBXProject section */
		30C391031F7F607900FC35A5 /* Project object */ = {
			isa = PBXProject;
			attributes = {
				LastSwiftUpdateCheck = 0900;
				LastUpgradeCheck = 0900;
				ORGANIZATIONNAME = "Pratik Lad";
				TargetAttributes = {
					30C3910A1F7F607900FC35A5 = {
						CreatedOnToolsVersion = 9.0;
						ProvisioningStyle = Automatic;
					};
				};
			};
			buildConfigurationList = 30C391061F7F607900FC35A5 /* Build configuration list for PBXProject "AnimationKit" */;
			compatibilityVersion = "Xcode 8.0";
			developmentRegion = en;
			hasScannedForEncodings = 0;
			knownRegions = (
				en,
				Base,
			);
			mainGroup = 30C391021F7F607900FC35A5;
			productRefGroup = 30C3910C1F7F607900FC35A5 /* Products */;
			projectDirPath = "";
			projectRoot = "";
			targets = (
				30C3910A1F7F607900FC35A5 /* AnimationKit */,
			);
		};
/* End PBXProject section */

/* Begin PBXResourcesBuildPhase section */
		30C391091F7F607900FC35A5 /* Resources */ = {
			isa = PBXResourcesBuildPhase;
			buildActionMask = 2147483647;
			files = (
				30C391191F7F607900FC35A5 /* LaunchScreen.storyboard in Resources */,
				30C391161F7F607900FC35A5 /* Assets.xcassets in Resources */,
				30C391141F7F607900FC35A5 /* Main.storyboard in Resources */,
			);
			runOnlyForDeploymentPostprocessing = 0;
		};
/* End PBXResourcesBuildPhase section */

/* Begin PBXSourcesBuildPhase section */
		30C391071F7F607900FC35A5 /* Sources */ = {
			isa = PBXSourcesBuildPhase;
			buildActionMask = 2147483647;
			files = (
				30C391111F7F607900FC35A5 /* AnimationViewController.swift in Sources */,
				308F30C21F7FA8A00084A333 /* AnimationKit.swift in Sources */,
				30C3910F1F7F607900FC35A5 /* AppDelegate.swift in Sources */,
			);
			runOnlyForDeploymentPostprocessing = 0;
		};
/* End PBXSourcesBuildPhase section */

/* Begin PBXVariantGroup section */
		30C391121F7F607900FC35A5 /* Main.storyboard */ = {
			isa = PBXVariantGroup;
			children = (
				30C391131F7F607900FC35A5 /* Base */,
			);
			name = Main.storyboard;
			sourceTree = "<group>";
		};
		30C391171F7F607900FC35A5 /* LaunchScreen.storyboard */ = {
			isa = PBXVariantGroup;
			children = (
				30C391181F7F607900FC35A5 /* Base */,
			);
			name = LaunchScreen.storyboard;
			sourceTree = "<group>";
		};
/* End PBXVariantGroup section */

/* Begin XCBuildConfiguration section */
		30C3911B1F7F607900FC35A5 /* Debug */ = {
			isa = XCBuildConfiguration;
			buildSettings = {
				ALWAYS_SEARCH_USER_PATHS = NO;
				CLANG_ANALYZER_NONNULL = YES;
				CLANG_ANALYZER_NUMBER_OBJECT_CONVERSION = YES_AGGRESSIVE;
				CLANG_CXX_LANGUAGE_STANDARD = "gnu++14";
				CLANG_CXX_LIBRARY = "libc++";
				CLANG_ENABLE_MODULES = YES;
				CLANG_ENABLE_OBJC_ARC = YES;
				CLANG_WARN_BLOCK_CAPTURE_AUTORELEASING = YES;
				CLANG_WARN_BOOL_CONVERSION = YES;
				CLANG_WARN_COMMA = YES;
				CLANG_WARN_CONSTANT_CONVERSION = YES;
				CLANG_WARN_DIRECT_OBJC_ISA_USAGE = YES_ERROR;
				CLANG_WARN_DOCUMENTATION_COMMENTS = YES;
				CLANG_WARN_EMPTY_BODY = YES;
				CLANG_WARN_ENUM_CONVERSION = YES;
				CLANG_WARN_INFINITE_RECURSION = YES;
				CLANG_WARN_INT_CONVERSION = YES;
				CLANG_WARN_NON_LITERAL_NULL_CONVERSION = YES;
				CLANG_WARN_OBJC_LITERAL_CONVERSION = YES;
				CLANG_WARN_OBJC_ROOT_CLASS = YES_ERROR;
				CLANG_WARN_RANGE_LOOP_ANALYSIS = YES;
				CLANG_WARN_STRICT_PROTOTYPES = YES;
				CLANG_WARN_SUSPICIOUS_MOVE = YES;
				CLANG_WARN_UNGUARDED_AVAILABILITY = YES_AGGRESSIVE;
				CLANG_WARN_UNREACHABLE_CODE = YES;
				CLANG_WARN__DUPLICATE_METHOD_MATCH = YES;
				CODE_SIGN_IDENTITY = "iPhone Developer";
				COPY_PHASE_STRIP = NO;
				DEBUG_INFORMATION_FORMAT = dwarf;
				ENABLE_STRICT_OBJC_MSGSEND = YES;
				ENABLE_TESTABILITY = YES;
				GCC_C_LANGUAGE_STANDARD = gnu11;
				GCC_DYNAMIC_NO_PIC = NO;
				GCC_NO_COMMON_BLOCKS = YES;
				GCC_OPTIMIZATION_LEVEL = 0;
				GCC_PREPROCESSOR_DEFINITIONS = (
					"DEBUG=1",
					"$(inherited)",
				);
				GCC_WARN_64_TO_32_BIT_CONVERSION = YES;
				GCC_WARN_ABOUT_RETURN_TYPE = YES_ERROR;
				GCC_WARN_UNDECLARED_SELECTOR = YES;
				GCC_WARN_UNINITIALIZED_AUTOS = YES_AGGRESSIVE;
				GCC_WARN_UNUSED_FUNCTION = YES;
				GCC_WARN_UNUSED_VARIABLE = YES;
				IPHONEOS_DEPLOYMENT_TARGET = 11.0;
				MTL_ENABLE_DEBUG_INFO = YES;
				ONLY_ACTIVE_ARCH = YES;
				SDKROOT = iphoneos;
				SWIFT_ACTIVE_COMPILATION_CONDITIONS = DEBUG;
				SWIFT_OPTIMIZATION_LEVEL = "-Onone";
			};
			name = Debug;
		};
		30C3911C1F7F607900FC35A5 /* Release */ = {
			isa = XCBuildConfiguration;
			buildSettings = {
				ALWAYS_SEARCH_USER_PATHS = NO;
				CLANG_ANALYZER_NONNULL = YES;
				CLANG_ANALYZER_NUMBER_OBJECT_CONVERSION = YES_AGGRESSIVE;
				CLANG_CXX_LANGUAGE_STANDARD = "gnu++14";
				CLANG_CXX_LIBRARY = "libc++";
				CLANG_ENABLE_MODULES = YES;
				CLANG_ENABLE_OBJC_ARC = YES;
				CLANG_WARN_BLOCK_CAPTURE_AUTORELEASING = YES;
				CLANG_WARN_BOOL_CONVERSION = YES;
				CLANG_WARN_COMMA = YES;
				CLANG_WARN_CONSTANT_CONVERSION = YES;
				CLANG_WARN_DIRECT_OBJC_ISA_USAGE = YES_ERROR;
				CLANG_WARN_DOCUMENTATION_COMMENTS = YES;
				CLANG_WARN_EMPTY_BODY = YES;
				CLANG_WARN_ENUM_CONVERSION = YES;
				CLANG_WARN_INFINITE_RECURSION = YES;
				CLANG_WARN_INT_CONVERSION = YES;
				CLANG_WARN_NON_LITERAL_NULL_CONVERSION = YES;
				CLANG_WARN_OBJC_LITERAL_CONVERSION = YES;
				CLANG_WARN_OBJC_ROOT_CLASS = YES_ERROR;
				CLANG_WARN_RANGE_LOOP_ANALYSIS = YES;
				CLANG_WARN_STRICT_PROTOTYPES = YES;
				CLANG_WARN_SUSPICIOUS_MOVE = YES;
				CLANG_WARN_UNGUARDED_AVAILABILITY = YES_AGGRESSIVE;
				CLANG_WARN_UNREACHABLE_CODE = YES;
				CLANG_WARN__DUPLICATE_METHOD_MATCH = YES;
				CODE_SIGN_IDENTITY = "iPhone Developer";
				COPY_PHASE_STRIP = NO;
				DEBUG_INFORMATION_FORMAT = "dwarf-with-dsym";
				ENABLE_NS_ASSERTIONS = NO;
				ENABLE_STRICT_OBJC_MSGSEND = YES;
				GCC_C_LANGUAGE_STANDARD = gnu11;
				GCC_NO_COMMON_BLOCKS = YES;
				GCC_WARN_64_TO_32_BIT_CONVERSION = YES;
				GCC_WARN_ABOUT_RETURN_TYPE = YES_ERROR;
				GCC_WARN_UNDECLARED_SELECTOR = YES;
				GCC_WARN_UNINITIALIZED_AUTOS = YES_AGGRESSIVE;
				GCC_WARN_UNUSED_FUNCTION = YES;
				GCC_WARN_UNUSED_VARIABLE = YES;
				IPHONEOS_DEPLOYMENT_TARGET = 11.0;
				MTL_ENABLE_DEBUG_INFO = NO;
				SDKROOT = iphoneos;
				SWIFT_OPTIMIZATION_LEVEL = "-Owholemodule";
				VALIDATE_PRODUCT = YES;
			};
			name = Release;
		};
		30C3911E1F7F607900FC35A5 /* Debug */ = {
			isa = XCBuildConfiguration;
			buildSettings = {
				ASSETCATALOG_COMPILER_APPICON_NAME = AppIcon;
				CODE_SIGN_STYLE = Automatic;
				INFOPLIST_FILE = AnimationKit/Info.plist;
				IPHONEOS_DEPLOYMENT_TARGET = 9.0;
				LD_RUNPATH_SEARCH_PATHS = "$(inherited) @executable_path/Frameworks";
				PRODUCT_BUNDLE_IDENTIFIER = com.pratik.AnimationKit;
				PRODUCT_NAME = "$(TARGET_NAME)";
				SWIFT_VERSION = 4.0;
				TARGETED_DEVICE_FAMILY = "1,2";
			};
			name = Debug;
		};
		30C3911F1F7F607900FC35A5 /* Release */ = {
			isa = XCBuildConfiguration;
			buildSettings = {
				ASSETCATALOG_COMPILER_APPICON_NAME = AppIcon;
				CODE_SIGN_STYLE = Automatic;
				INFOPLIST_FILE = AnimationKit/Info.plist;
				IPHONEOS_DEPLOYMENT_TARGET = 9.0;
				LD_RUNPATH_SEARCH_PATHS = "$(inherited) @executable_path/Frameworks";
				PRODUCT_BUNDLE_IDENTIFIER = com.pratik.AnimationKit;
				PRODUCT_NAME = "$(TARGET_NAME)";
				SWIFT_VERSION = 4.0;
				TARGETED_DEVICE_FAMILY = "1,2";
			};
			name = Release;
		};
/* End XCBuildConfiguration section */

/* Begin XCConfigurationList section */
		30C391061F7F607900FC35A5 /* Build configuration list for PBXProject "AnimationKit" */ = {
			isa = XCConfigurationList;
			buildConfigurations = (
				30C3911B1F7F607900FC35A5 /* Debug */,
				30C3911C1F7F607900FC35A5 /* Release */,
			);
			defaultConfigurationIsVisible = 0;
			defaultConfigurationName = Release;
		};
		30C3911D1F7F607900FC35A5 /* Build configuration list for PBXNativeTarget "AnimationKit" */ = {
			isa = XCConfigurationList;
			buildConfigurations = (
				30C3911E1F7F607900FC35A5 /* Debug */,
				30C3911F1F7F607900FC35A5 /* Release */,
			);
			defaultConfigurationIsVisible = 0;
			defaultConfigurationName = Release;
		};
/* End XCConfigurationList section */
	};
	rootObject = 30C391031F7F607900FC35A5 /* Project object */;
}
